
Microsoft Visual Studio Solution File, Format Version 12.00
# Visual Studio Version 16
VisualStudioVersion = 16.0.810.14
MinimumVisualStudioVersion = 10.0.40219.1
Project("{FAE04EC0-301F-11D3-BF4B-00C04F79EFBC}") = "TestProject1", "TestProject1.csproj", "{988300AB-A066-4EA3-AB2E-0983561A103A}"
EndProject
Global
	GlobalSection(SolutionConfigurationPlatforms) = preSolution
		Debug|Any CPU = Debug|Any CPU
		Release|Any CPU = Release|Any CPU
	EndGlobalSection
	GlobalSection(ProjectConfigurationPlatforms) = postSolution
		{988300AB-A066-4EA3-AB2E-0983561A103A}.Debug|Any CPU.ActiveCfg = Debug|Any CPU
		{988300AB-A066-4EA3-AB2E-0983561A103A}.Debug|Any CPU.Build.0 = Debug|Any CPU
		{988300AB-A066-4EA3-AB2E-0983561A103A}.Release|Any CPU.ActiveCfg = Release|Any CPU
		{988300AB-A066-4EA3-AB2E-0983561A103A}.Release|Any CPU.Build.0 = Release|Any CPU
	EndGlobalSection
	GlobalSection(SolutionProperties) = preSolution
		HideSolutionNode = FALSE
	EndGlobalSection
	GlobalSection(ExtensibilityGlobals) = postSolution
		SolutionGuid = {2F676DD8-54D2-43BD-AADA-8C2A400F18D8}
	EndGlobalSection
EndGlobal
